// !$*UTF8*$!
{
	archiveVersion = 1;
	classes = {
	};
	objectVersion = 50;
	objects = {

/* Begin PBXBuildFile section */
		9A3AD61884F7BDD5CA117740 /* Pods_snowmanlabs_ios_challenge.framework in Frameworks */ = {isa = PBXBuildFile; fileRef = 3A9923A8EF2A47D1666FDD08 /* Pods_snowmanlabs_ios_challenge.framework */; };
		F22D886525DACE3600E5A44F /* AppDelegate.swift in Sources */ = {isa = PBXBuildFile; fileRef = F22D886425DACE3600E5A44F /* AppDelegate.swift */; };
		F22D886725DACE3600E5A44F /* SceneDelegate.swift in Sources */ = {isa = PBXBuildFile; fileRef = F22D886625DACE3600E5A44F /* SceneDelegate.swift */; };
		F22D886925DACE3600E5A44F /* ViewController.swift in Sources */ = {isa = PBXBuildFile; fileRef = F22D886825DACE3600E5A44F /* ViewController.swift */; };
		F22D886E25DACE3800E5A44F /* Assets.xcassets in Resources */ = {isa = PBXBuildFile; fileRef = F22D886D25DACE3800E5A44F /* Assets.xcassets */; };
		F22D887125DACE3800E5A44F /* LaunchScreen.storyboard in Resources */ = {isa = PBXBuildFile; fileRef = F22D886F25DACE3800E5A44F /* LaunchScreen.storyboard */; };
/* End PBXBuildFile section */

/* Begin PBXFileReference section */
		2CB290D3084A99955F91AAD3 /* Pods-snowmanlabs-ios-challenge.release.xcconfig */ = {isa = PBXFileReference; includeInIndex = 1; lastKnownFileType = text.xcconfig; name = "Pods-snowmanlabs-ios-challenge.release.xcconfig"; path = "Target Support Files/Pods-snowmanlabs-ios-challenge/Pods-snowmanlabs-ios-challenge.release.xcconfig"; sourceTree = "<group>"; };
		3A9923A8EF2A47D1666FDD08 /* Pods_snowmanlabs_ios_challenge.framework */ = {isa = PBXFileReference; explicitFileType = wrapper.framework; includeInIndex = 0; path = Pods_snowmanlabs_ios_challenge.framework; sourceTree = BUILT_PRODUCTS_DIR; };
		7FF1AF402A28D2F0A10FBB19 /* Pods-snowmanlabs-ios-challenge.debug.xcconfig */ = {isa = PBXFileReference; includeInIndex = 1; lastKnownFileType = text.xcconfig; name = "Pods-snowmanlabs-ios-challenge.debug.xcconfig"; path = "Target Support Files/Pods-snowmanlabs-ios-challenge/Pods-snowmanlabs-ios-challenge.debug.xcconfig"; sourceTree = "<group>"; };
		F22D886125DACE3600E5A44F /* snowmanlabs-ios-challenge.app */ = {isa = PBXFileReference; explicitFileType = wrapper.application; includeInIndex = 0; path = "snowmanlabs-ios-challenge.app"; sourceTree = BUILT_PRODUCTS_DIR; };
		F22D886425DACE3600E5A44F /* AppDelegate.swift */ = {isa = PBXFileReference; lastKnownFileType = sourcecode.swift; path = AppDelegate.swift; sourceTree = "<group>"; };
		F22D886625DACE3600E5A44F /* SceneDelegate.swift */ = {isa = PBXFileReference; lastKnownFileType = sourcecode.swift; path = SceneDelegate.swift; sourceTree = "<group>"; };
		F22D886825DACE3600E5A44F /* ViewController.swift */ = {isa = PBXFileReference; lastKnownFileType = sourcecode.swift; path = ViewController.swift; sourceTree = "<group>"; };
		F22D886D25DACE3800E5A44F /* Assets.xcassets */ = {isa = PBXFileReference; lastKnownFileType = folder.assetcatalog; path = Assets.xcassets; sourceTree = "<group>"; };
		F22D887025DACE3800E5A44F /* Base */ = {isa = PBXFileReference; lastKnownFileType = file.storyboard; name = Base; path = Base.lproj/LaunchScreen.storyboard; sourceTree = "<group>"; };
		F22D887225DACE3800E5A44F /* Info.plist */ = {isa = PBXFileReference; lastKnownFileType = text.plist.xml; path = Info.plist; sourceTree = "<group>"; };
/* End PBXFileReference section */

/* Begin PBXFrameworksBuildPhase section */
		F22D885E25DACE3600E5A44F /* Frameworks */ = {
			isa = PBXFrameworksBuildPhase;
			buildActionMask = 2147483647;
			files = (
				9A3AD61884F7BDD5CA117740 /* Pods_snowmanlabs_ios_challenge.framework in Frameworks */,
			);
			runOnlyForDeploymentPostprocessing = 0;
		};
/* End PBXFrameworksBuildPhase section */

/* Begin PBXGroup section */
		01CA7C35FD0EBB6081FE8904 /* Frameworks */ = {
			isa = PBXGroup;
			children = (
				3A9923A8EF2A47D1666FDD08 /* Pods_snowmanlabs_ios_challenge.framework */,
			);
			name = Frameworks;
			sourceTree = "<group>";
		};
		A9EA0317E8258808157F13DA /* Pods */ = {
			isa = PBXGroup;
			children = (
				7FF1AF402A28D2F0A10FBB19 /* Pods-snowmanlabs-ios-challenge.debug.xcconfig */,
				2CB290D3084A99955F91AAD3 /* Pods-snowmanlabs-ios-challenge.release.xcconfig */,
			);
			name = Pods;
			path = Pods;
			sourceTree = "<group>";
		};
		F22D885825DACE3600E5A44F = {
			isa = PBXGroup;
			children = (
				F22D886325DACE3600E5A44F /* snowmanlabs-ios-challenge */,
				F22D886225DACE3600E5A44F /* Products */,
				A9EA0317E8258808157F13DA /* Pods */,
				01CA7C35FD0EBB6081FE8904 /* Frameworks */,
			);
			sourceTree = "<group>";
		};
		F22D886225DACE3600E5A44F /* Products */ = {
			isa = PBXGroup;
			children = (
				F22D886125DACE3600E5A44F /* snowmanlabs-ios-challenge.app */,
			);
			name = Products;
			sourceTree = "<group>";
		};
		F22D886325DACE3600E5A44F /* snowmanlabs-ios-challenge */ = {
			isa = PBXGroup;
			children = (
				F22D887B25DAD5BC00E5A44F /* Application */,
				F22D887C25DAD5E100E5A44F /* Controllers */,
				F22D886F25DACE3800E5A44F /* LaunchScreen.storyboard */,
				F22D887225DACE3800E5A44F /* Info.plist */,
			);
			path = "snowmanlabs-ios-challenge";
			sourceTree = "<group>";
		};
		F22D887B25DAD5BC00E5A44F /* Application */ = {
			isa = PBXGroup;
			children = (
				F22D886425DACE3600E5A44F /* AppDelegate.swift */,
				F22D886625DACE3600E5A44F /* SceneDelegate.swift */,
				F22D886D25DACE3800E5A44F /* Assets.xcassets */,
			);
			path = Application;
			sourceTree = "<group>";
		};
		F22D887C25DAD5E100E5A44F /* Controllers */ = {
			isa = PBXGroup;
			children = (
				F22D886825DACE3600E5A44F /* ViewController.swift */,
			);
			path = Controllers;
			sourceTree = "<group>";
		};
/* End PBXGroup section */

/* Begin PBXNativeTarget section */
		F22D886025DACE3600E5A44F /* snowmanlabs-ios-challenge */ = {
			isa = PBXNativeTarget;
			buildConfigurationList = F22D887525DACE3800E5A44F /* Build configuration list for PBXNativeTarget "snowmanlabs-ios-challenge" */;
			buildPhases = (
				CB86B23DFA93932B49C57645 /* [CP] Check Pods Manifest.lock */,
				F22D885D25DACE3600E5A44F /* Sources */,
				F22D885E25DACE3600E5A44F /* Frameworks */,
				F22D885F25DACE3600E5A44F /* Resources */,
			);
			buildRules = (
			);
			dependencies = (
			);
			name = "snowmanlabs-ios-challenge";
			productName = "snowmanlabs-ios-challenge";
			productReference = F22D886125DACE3600E5A44F /* snowmanlabs-ios-challenge.app */;
			productType = "com.apple.product-type.application";
		};
/* End PBXNativeTarget section */

/* Begin PBXProject section */
		F22D885925DACE3600E5A44F /* Project object */ = {
			isa = PBXProject;
			attributes = {
				LastSwiftUpdateCheck = 1240;
				LastUpgradeCheck = 1240;
				TargetAttributes = {
					F22D886025DACE3600E5A44F = {
						CreatedOnToolsVersion = 12.4;
					};
				};
			};
			buildConfigurationList = F22D885C25DACE3600E5A44F /* Build configuration list for PBXProject "snowmanlabs-ios-challenge" */;
			compatibilityVersion = "Xcode 9.3";
			developmentRegion = en;
			hasScannedForEncodings = 0;
			knownRegions = (
				en,
				Base,
			);
			mainGroup = F22D885825DACE3600E5A44F;
			productRefGroup = F22D886225DACE3600E5A44F /* Products */;
			projectDirPath = "";
			projectRoot = "";
			targets = (
				F22D886025DACE3600E5A44F /* snowmanlabs-ios-challenge */,
			);
		};
/* End PBXProject section */

/* Begin PBXResourcesBuildPhase section */
		F22D885F25DACE3600E5A44F /* Resources */ = {
			isa = PBXResourcesBuildPhase;
			buildActionMask = 2147483647;
			files = (
				F22D887125DACE3800E5A44F /* LaunchScreen.storyboard in Resources */,
				F22D886E25DACE3800E5A44F /* Assets.xcassets in Resources */,
			);
			runOnlyForDeploymentPostprocessing = 0;
		};
/* End PBXResourcesBuildPhase section */

/* Begin PBXShellScriptBuildPhase section */
		CB86B23DFA93932B49C57645 /* [CP] Check Pods Manifest.lock */ = {
			isa = PBXShellScriptBuildPhase;
			buildActionMask = 2147483647;
			files = (
			);
			inputFileListPaths = (
			);
			inputPaths = (
				"${PODS_PODFILE_DIR_PATH}/Podfile.lock",
				"${PODS_ROOT}/Manifest.lock",
			);
			name = "[CP] Check Pods Manifest.lock";
			outputFileListPaths = (
			);
			outputPaths = (
				"$(DERIVED_FILE_DIR)/Pods-snowmanlabs-ios-challenge-checkManifestLockResult.txt",
			);
			runOnlyForDeploymentPostprocessing = 0;
			shellPath = /bin/sh;
			shellScript = "diff \"${PODS_PODFILE_DIR_PATH}/Podfile.lock\" \"${PODS_ROOT}/Manifest.lock\" > /dev/null\nif [ $? != 0 ] ; then\n    # print error to STDERR\n    echo \"error: The sandbox is not in sync with the Podfile.lock. Run 'pod install' or update your CocoaPods installation.\" >&2\n    exit 1\nfi\n# This output is used by Xcode 'outputs' to avoid re-running this script phase.\necho \"SUCCESS\" > \"${SCRIPT_OUTPUT_FILE_0}\"\n";
			showEnvVarsInLog = 0;
		};
/* End PBXShellScriptBuildPhase section */

/* Begin PBXSourcesBuildPhase section */
		F22D885D25DACE3600E5A44F /* Sources */ = {
			isa = PBXSourcesBuildPhase;
			buildActionMask = 2147483647;
			files = (
				F22D886925DACE3600E5A44F /* ViewController.swift in Sources */,
				F22D886525DACE3600E5A44F /* AppDelegate.swift in Sources */,
				F22D886725DACE3600E5A44F /* SceneDelegate.swift in Sources */,
			);
			runOnlyForDeploymentPostprocessing = 0;
		};
/* End PBXSourcesBuildPhase section */

/* Begin PBXVariantGroup section */
		F22D886F25DACE3800E5A44F /* LaunchScreen.storyboard */ = {
			isa = PBXVariantGroup;
			children = (
				F22D887025DACE3800E5A44F /* Base */,
			);
			name = LaunchScreen.storyboard;
			sourceTree = "<group>";
		};
/* End PBXVariantGroup section */

/* Begin XCBuildConfiguration section */
		F22D887325DACE3800E5A44F /* Debug */ = {
			isa = XCBuildConfiguration;
			buildSettings = {
				ALWAYS_SEARCH_USER_PATHS = NO;
				CLANG_ANALYZER_NONNULL = YES;
				CLANG_ANALYZER_NUMBER_OBJECT_CONVERSION = YES_AGGRESSIVE;
				CLANG_CXX_LANGUAGE_STANDARD = "gnu++14";
				CLANG_CXX_LIBRARY = "libc++";
				CLANG_ENABLE_MODULES = YES;
				CLANG_ENABLE_OBJC_ARC = YES;
				CLANG_ENABLE_OBJC_WEAK = YES;
				CLANG_WARN_BLOCK_CAPTURE_AUTORELEASING = YES;
				CLANG_WARN_BOOL_CONVERSION = YES;
				CLANG_WARN_COMMA = YES;
				CLANG_WARN_CONSTANT_CONVERSION = YES;
				CLANG_WARN_DEPRECATED_OBJC_IMPLEMENTATIONS = YES;
				CLANG_WARN_DIRECT_OBJC_ISA_USAGE = YES_ERROR;
				CLANG_WARN_DOCUMENTATION_COMMENTS = YES;
				CLANG_WARN_EMPTY_BODY = YES;
				CLANG_WARN_ENUM_CONVERSION = YES;
				CLANG_WARN_INFINITE_RECURSION = YES;
				CLANG_WARN_INT_CONVERSION = YES;
				CLANG_WARN_NON_LITERAL_NULL_CONVERSION = YES;
				CLANG_WARN_OBJC_IMPLICIT_RETAIN_SELF = YES;
				CLANG_WARN_OBJC_LITERAL_CONVERSION = YES;
				CLANG_WARN_OBJC_ROOT_CLASS = YES_ERROR;
				CLANG_WARN_QUOTED_INCLUDE_IN_FRAMEWORK_HEADER = YES;
				CLANG_WARN_RANGE_LOOP_ANALYSIS = YES;
				CLANG_WARN_STRICT_PROTOTYPES = YES;
				CLANG_WARN_SUSPICIOUS_MOVE = YES;
				CLANG_WARN_UNGUARDED_AVAILABILITY = YES_AGGRESSIVE;
				CLANG_WARN_UNREACHABLE_CODE = YES;
				CLANG_WARN__DUPLICATE_METHOD_MATCH = YES;
				COPY_PHASE_STRIP = NO;
				DEBUG_INFORMATION_FORMAT = dwarf;
				ENABLE_STRICT_OBJC_MSGSEND = YES;
				ENABLE_TESTABILITY = YES;
				GCC_C_LANGUAGE_STANDARD = gnu11;
				GCC_DYNAMIC_NO_PIC = NO;
				GCC_NO_COMMON_BLOCKS = YES;
				GCC_OPTIMIZATION_LEVEL = 0;
				GCC_PREPROCESSOR_DEFINITIONS = (
					"DEBUG=1",
					"$(inherited)",
				);
				GCC_WARN_64_TO_32_BIT_CONVERSION = YES;
				GCC_WARN_ABOUT_RETURN_TYPE = YES_ERROR;
				GCC_WARN_UNDECLARED_SELECTOR = YES;
				GCC_WARN_UNINITIALIZED_AUTOS = YES_AGGRESSIVE;
				GCC_WARN_UNUSED_FUNCTION = YES;
				GCC_WARN_UNUSED_VARIABLE = YES;
				IPHONEOS_DEPLOYMENT_TARGET = 14.4;
				MTL_ENABLE_DEBUG_INFO = INCLUDE_SOURCE;
				MTL_FAST_MATH = YES;
				ONLY_ACTIVE_ARCH = YES;
				SDKROOT = iphoneos;
				SWIFT_ACTIVE_COMPILATION_CONDITIONS = DEBUG;
				SWIFT_OPTIMIZATION_LEVEL = "-Onone";
			};
			name = Debug;
		};
		F22D887425DACE3800E5A44F /* Release */ = {
			isa = XCBuildConfiguration;
			buildSettings = {
				ALWAYS_SEARCH_USER_PATHS = NO;
				CLANG_ANALYZER_NONNULL = YES;
				CLANG_ANALYZER_NUMBER_OBJECT_CONVERSION = YES_AGGRESSIVE;
				CLANG_CXX_LANGUAGE_STANDARD = "gnu++14";
				CLANG_CXX_LIBRARY = "libc++";
				CLANG_ENABLE_MODULES = YES;
				CLANG_ENABLE_OBJC_ARC = YES;
				CLANG_ENABLE_OBJC_WEAK = YES;
				CLANG_WARN_BLOCK_CAPTURE_AUTORELEASING = YES;
				CLANG_WARN_BOOL_CONVERSION = YES;
				CLANG_WARN_COMMA = YES;
				CLANG_WARN_CONSTANT_CONVERSION = YES;
				CLANG_WARN_DEPRECATED_OBJC_IMPLEMENTATIONS = YES;
				CLANG_WARN_DIRECT_OBJC_ISA_USAGE = YES_ERROR;
				CLANG_WARN_DOCUMENTATION_COMMENTS = YES;
				CLANG_WARN_EMPTY_BODY = YES;
				CLANG_WARN_ENUM_CONVERSION = YES;
				CLANG_WARN_INFINITE_RECURSION = YES;
				CLANG_WARN_INT_CONVERSION = YES;
				CLANG_WARN_NON_LITERAL_NULL_CONVERSION = YES;
				CLANG_WARN_OBJC_IMPLICIT_RETAIN_SELF = YES;
				CLANG_WARN_OBJC_LITERAL_CONVERSION = YES;
				CLANG_WARN_OBJC_ROOT_CLASS = YES_ERROR;
				CLANG_WARN_QUOTED_INCLUDE_IN_FRAMEWORK_HEADER = YES;
				CLANG_WARN_RANGE_LOOP_ANALYSIS = YES;
				CLANG_WARN_STRICT_PROTOTYPES = YES;
				CLANG_WARN_SUSPICIOUS_MOVE = YES;
				CLANG_WARN_UNGUARDED_AVAILABILITY = YES_AGGRESSIVE;
				CLANG_WARN_UNREACHABLE_CODE = YES;
				CLANG_WARN__DUPLICATE_METHOD_MATCH = YES;
				COPY_PHASE_STRIP = NO;
				DEBUG_INFORMATION_FORMAT = "dwarf-with-dsym";
				ENABLE_NS_ASSERTIONS = NO;
				ENABLE_STRICT_OBJC_MSGSEND = YES;
				GCC_C_LANGUAGE_STANDARD = gnu11;
				GCC_NO_COMMON_BLOCKS = YES;
				GCC_WARN_64_TO_32_BIT_CONVERSION = YES;
				GCC_WARN_ABOUT_RETURN_TYPE = YES_ERROR;
				GCC_WARN_UNDECLARED_SELECTOR = YES;
				GCC_WARN_UNINITIALIZED_AUTOS = YES_AGGRESSIVE;
				GCC_WARN_UNUSED_FUNCTION = YES;
				GCC_WARN_UNUSED_VARIABLE = YES;
				IPHONEOS_DEPLOYMENT_TARGET = 14.4;
				MTL_ENABLE_DEBUG_INFO = NO;
				MTL_FAST_MATH = YES;
				SDKROOT = iphoneos;
				SWIFT_COMPILATION_MODE = wholemodule;
				SWIFT_OPTIMIZATION_LEVEL = "-O";
				VALIDATE_PRODUCT = YES;
			};
			name = Release;
		};
		F22D887625DACE3800E5A44F /* Debug */ = {
			isa = XCBuildConfiguration;
			baseConfigurationReference = 7FF1AF402A28D2F0A10FBB19 /* Pods-snowmanlabs-ios-challenge.debug.xcconfig */;
			buildSettings = {
				ASSETCATALOG_COMPILER_APPICON_NAME = AppIcon;
				ASSETCATALOG_COMPILER_GLOBAL_ACCENT_COLOR_NAME = AccentColor;
				CODE_SIGN_STYLE = Automatic;
				DEVELOPMENT_TEAM = 6R73P3M5QG;
				INFOPLIST_FILE = "snowmanlabs-ios-challenge/Info.plist";
				LD_RUNPATH_SEARCH_PATHS = (
					"$(inherited)",
					"@executable_path/Frameworks",
				);
				PRODUCT_BUNDLE_IDENTIFIER = "matela.snowmanlabs-ios-challenge";
				PRODUCT_NAME = "$(TARGET_NAME)";
				SWIFT_VERSION = 5.0;
				TARGETED_DEVICE_FAMILY = "1,2";
			};
			name = Debug;
		};
		F22D887725DACE3800E5A44F /* Release */ = {
			isa = XCBuildConfiguration;
			baseConfigurationReference = 2CB290D3084A99955F91AAD3 /* Pods-snowmanlabs-ios-challenge.release.xcconfig */;
			buildSettings = {
				ASSETCATALOG_COMPILER_APPICON_NAME = AppIcon;
				ASSETCATALOG_COMPILER_GLOBAL_ACCENT_COLOR_NAME = AccentColor;
				CODE_SIGN_STYLE = Automatic;
				DEVELOPMENT_TEAM = 6R73P3M5QG;
				INFOPLIST_FILE = "snowmanlabs-ios-challenge/Info.plist";
				LD_RUNPATH_SEARCH_PATHS = (
					"$(inherited)",
					"@executable_path/Frameworks",
				);
				PRODUCT_BUNDLE_IDENTIFIER = "matela.snowmanlabs-ios-challenge";
				PRODUCT_NAME = "$(TARGET_NAME)";
				SWIFT_VERSION = 5.0;
				TARGETED_DEVICE_FAMILY = "1,2";
			};
			name = Release;
		};
/* End XCBuildConfiguration section */

/* Begin XCConfigurationList section */
		F22D885C25DACE3600E5A44F /* Build configuration list for PBXProject "snowmanlabs-ios-challenge" */ = {
			isa = XCConfigurationList;
			buildConfigurations = (
				F22D887325DACE3800E5A44F /* Debug */,
				F22D887425DACE3800E5A44F /* Release */,
			);
			defaultConfigurationIsVisible = 0;
			defaultConfigurationName = Release;
		};
		F22D887525DACE3800E5A44F /* Build configuration list for PBXNativeTarget "snowmanlabs-ios-challenge" */ = {
			isa = XCConfigurationList;
			buildConfigurations = (
				F22D887625DACE3800E5A44F /* Debug */,
				F22D887725DACE3800E5A44F /* Release */,
			);
			defaultConfigurationIsVisible = 0;
			defaultConfigurationName = Release;
		};
/* End XCConfigurationList section */
	};
	rootObject = F22D885925DACE3600E5A44F /* Project object */;
}
